
Microsoft Visual Studio Solution File, Format Version 12.00
# Visual Studio Version 17
VisualStudioVersion = 17.13.35806.99 d17.13
MinimumVisualStudioVersion = 10.0.40219.1
Project("{FAE04EC0-301F-11D3-BF4B-00C04F79EFBC}") = "CommandHandler", "CommandHandler\CommandHandler.csproj", "{795AF9DC-DE04-42BF-B06A-2334C3DB2A43}"
EndProject
Global
	GlobalSection(SolutionConfigurationPlatforms) = preSolution
		Debug|Any CPU = Debug|Any CPU
		Release|Any CPU = Release|Any CPU
	EndGlobalSection
	GlobalSection(ProjectConfigurationPlatforms) = postSolution
		{795AF9DC-DE04-42BF-B06A-2334C3DB2A43}.Debug|Any CPU.ActiveCfg = Debug|Any CPU
		{795AF9DC-DE04-42BF-B06A-2334C3DB2A43}.Debug|Any CPU.Build.0 = Debug|Any CPU
		{795AF9DC-DE04-42BF-B06A-2334C3DB2A43}.Release|Any CPU.ActiveCfg = Release|Any CPU
		{795AF9DC-DE04-42BF-B06A-2334C3DB2A43}.Release|Any CPU.Build.0 = Release|Any CPU
	EndGlobalSection
	GlobalSection(SolutionProperties) = preSolution
		HideSolutionNode = FALSE
	EndGlobalSection
	GlobalSection(ExtensibilityGlobals) = postSolution
		SolutionGuid = {9275A3B7-F80A-4089-8683-0B39349EC93A}
	EndGlobalSection
EndGlobal
